// !$*UTF8*$!
{
	archiveVersion = 1;
	classes = {
	};
	objectVersion = 50;
	objects = {

/* Begin PBXBuildFile section */
		108994152605CFC0002045E5 /* Tests_iOS.swift in Sources */ = {isa = PBXBuildFile; fileRef = 108994142605CFC0002045E5 /* Tests_iOS.swift */; };
		108994202605CFC0002045E5 /* Tests_macOS.swift in Sources */ = {isa = PBXBuildFile; fileRef = 1089941F2605CFC0002045E5 /* Tests_macOS.swift */; };
		108994222605CFC0002045E5 /* INTCalculatorApp.swift in Sources */ = {isa = PBXBuildFile; fileRef = 108993F92605CFBE002045E5 /* INTCalculatorApp.swift */; };
		108994232605CFC0002045E5 /* INTCalculatorApp.swift in Sources */ = {isa = PBXBuildFile; fileRef = 108993F92605CFBE002045E5 /* INTCalculatorApp.swift */; };
		108994252605CFC0002045E5 /* ContentView.swift in Sources */ = {isa = PBXBuildFile; fileRef = 108993FA2605CFBE002045E5 /* ContentView.swift */; };
		108994262605CFC0002045E5 /* Assets.xcassets in Resources */ = {isa = PBXBuildFile; fileRef = 108993FB2605CFC0002045E5 /* Assets.xcassets */; };
		108994272605CFC0002045E5 /* Assets.xcassets in Resources */ = {isa = PBXBuildFile; fileRef = 108993FB2605CFC0002045E5 /* Assets.xcassets */; };
		108994432605E7D8002045E5 /* memo in Resources */ = {isa = PBXBuildFile; fileRef = 108994422605E7D8002045E5 /* memo */; };
		108994442605E7D8002045E5 /* memo in Resources */ = {isa = PBXBuildFile; fileRef = 108994422605E7D8002045E5 /* memo */; };
		1089944D26064751002045E5 /* ContentView.swift in Sources */ = {isa = PBXBuildFile; fileRef = 108993FA2605CFBE002045E5 /* ContentView.swift */; };
/* End PBXBuildFile section */

/* Begin PBXContainerItemProxy section */
		108994112605CFC0002045E5 /* PBXContainerItemProxy */ = {
			isa = PBXContainerItemProxy;
			containerPortal = 108993F42605CFBE002045E5 /* Project object */;
			proxyType = 1;
			remoteGlobalIDString = 108993FF2605CFC0002045E5;
			remoteInfo = "INTCalculator (iOS)";
		};
		1089941C2605CFC0002045E5 /* PBXContainerItemProxy */ = {
			isa = PBXContainerItemProxy;
			containerPortal = 108993F42605CFBE002045E5 /* Project object */;
			proxyType = 1;
			remoteGlobalIDString = 108994072605CFC0002045E5;
			remoteInfo = "INTCalculator (macOS)";
		};
/* End PBXContainerItemProxy section */

/* Begin PBXFileReference section */
		108993F92605CFBE002045E5 /* INTCalculatorApp.swift */ = {isa = PBXFileReference; lastKnownFileType = sourcecode.swift; path = INTCalculatorApp.swift; sourceTree = "<group>"; };
		108993FA2605CFBE002045E5 /* ContentView.swift */ = {isa = PBXFileReference; lastKnownFileType = sourcecode.swift; path = ContentView.swift; sourceTree = "<group>"; usesTabs = 0; };
		108993FB2605CFC0002045E5 /* Assets.xcassets */ = {isa = PBXFileReference; lastKnownFileType = folder.assetcatalog; path = Assets.xcassets; sourceTree = "<group>"; };
		108994002605CFC0002045E5 /* INTCalculator.app */ = {isa = PBXFileReference; explicitFileType = wrapper.application; includeInIndex = 0; path = INTCalculator.app; sourceTree = BUILT_PRODUCTS_DIR; };
		108994032605CFC0002045E5 /* Info.plist */ = {isa = PBXFileReference; lastKnownFileType = text.plist.xml; path = Info.plist; sourceTree = "<group>"; };
		108994082605CFC0002045E5 /* INTCalculator.app */ = {isa = PBXFileReference; explicitFileType = wrapper.application; includeInIndex = 0; path = INTCalculator.app; sourceTree = BUILT_PRODUCTS_DIR; };
		1089940A2605CFC0002045E5 /* Info.plist */ = {isa = PBXFileReference; lastKnownFileType = text.plist.xml; path = Info.plist; sourceTree = "<group>"; };
		1089940B2605CFC0002045E5 /* macOS.entitlements */ = {isa = PBXFileReference; lastKnownFileType = text.plist.entitlements; path = macOS.entitlements; sourceTree = "<group>"; };
		108994102605CFC0002045E5 /* Tests iOS.xctest */ = {isa = PBXFileReference; explicitFileType = wrapper.cfbundle; includeInIndex = 0; path = "Tests iOS.xctest"; sourceTree = BUILT_PRODUCTS_DIR; };
		108994142605CFC0002045E5 /* Tests_iOS.swift */ = {isa = PBXFileReference; lastKnownFileType = sourcecode.swift; path = Tests_iOS.swift; sourceTree = "<group>"; };
		108994162605CFC0002045E5 /* Info.plist */ = {isa = PBXFileReference; lastKnownFileType = text.plist.xml; path = Info.plist; sourceTree = "<group>"; };
		1089941B2605CFC0002045E5 /* Tests macOS.xctest */ = {isa = PBXFileReference; explicitFileType = wrapper.cfbundle; includeInIndex = 0; path = "Tests macOS.xctest"; sourceTree = BUILT_PRODUCTS_DIR; };
		1089941F2605CFC0002045E5 /* Tests_macOS.swift */ = {isa = PBXFileReference; lastKnownFileType = sourcecode.swift; path = Tests_macOS.swift; sourceTree = "<group>"; };
		108994212605CFC0002045E5 /* Info.plist */ = {isa = PBXFileReference; lastKnownFileType = text.plist.xml; path = Info.plist; sourceTree = "<group>"; };
		108994422605E7D8002045E5 /* memo */ = {isa = PBXFileReference; lastKnownFileType = text; path = memo; sourceTree = "<group>"; };
/* End PBXFileReference section */

/* Begin PBXFrameworksBuildPhase section */
		108993FD2605CFC0002045E5 /* Frameworks */ = {
			isa = PBXFrameworksBuildPhase;
			buildActionMask = 2147483647;
			files = (
			);
			runOnlyForDeploymentPostprocessing = 0;
		};
		108994052605CFC0002045E5 /* Frameworks */ = {
			isa = PBXFrameworksBuildPhase;
			buildActionMask = 2147483647;
			files = (
			);
			runOnlyForDeploymentPostprocessing = 0;
		};
		1089940D2605CFC0002045E5 /* Frameworks */ = {
			isa = PBXFrameworksBuildPhase;
			buildActionMask = 2147483647;
			files = (
			);
			runOnlyForDeploymentPostprocessing = 0;
		};
		108994182605CFC0002045E5 /* Frameworks */ = {
			isa = PBXFrameworksBuildPhase;
			buildActionMask = 2147483647;
			files = (
			);
			runOnlyForDeploymentPostprocessing = 0;
		};
/* End PBXFrameworksBuildPhase section */

/* Begin PBXGroup section */
		108993F32605CFBE002045E5 = {
			isa = PBXGroup;
			children = (
				108993F82605CFBE002045E5 /* Shared */,
				108994022605CFC0002045E5 /* iOS */,
				108994092605CFC0002045E5 /* macOS */,
				108994132605CFC0002045E5 /* Tests iOS */,
				1089941E2605CFC0002045E5 /* Tests macOS */,
				108994012605CFC0002045E5 /* Products */,
			);
			sourceTree = "<group>";
		};
		108993F82605CFBE002045E5 /* Shared */ = {
			isa = PBXGroup;
			children = (
				108993F92605CFBE002045E5 /* INTCalculatorApp.swift */,
				108993FA2605CFBE002045E5 /* ContentView.swift */,
				108993FB2605CFC0002045E5 /* Assets.xcassets */,
				108994422605E7D8002045E5 /* memo */,
			);
			path = Shared;
			sourceTree = "<group>";
		};
		108994012605CFC0002045E5 /* Products */ = {
			isa = PBXGroup;
			children = (
				108994002605CFC0002045E5 /* INTCalculator.app */,
				108994082605CFC0002045E5 /* INTCalculator.app */,
				108994102605CFC0002045E5 /* Tests iOS.xctest */,
				1089941B2605CFC0002045E5 /* Tests macOS.xctest */,
			);
			name = Products;
			sourceTree = "<group>";
		};
		108994022605CFC0002045E5 /* iOS */ = {
			isa = PBXGroup;
			children = (
				108994032605CFC0002045E5 /* Info.plist */,
			);
			path = iOS;
			sourceTree = "<group>";
		};
		108994092605CFC0002045E5 /* macOS */ = {
			isa = PBXGroup;
			children = (
				1089940A2605CFC0002045E5 /* Info.plist */,
				1089940B2605CFC0002045E5 /* macOS.entitlements */,
			);
			path = macOS;
			sourceTree = "<group>";
		};
		108994132605CFC0002045E5 /* Tests iOS */ = {
			isa = PBXGroup;
			children = (
				108994142605CFC0002045E5 /* Tests_iOS.swift */,
				108994162605CFC0002045E5 /* Info.plist */,
			);
			path = "Tests iOS";
			sourceTree = "<group>";
		};
		1089941E2605CFC0002045E5 /* Tests macOS */ = {
			isa = PBXGroup;
			children = (
				1089941F2605CFC0002045E5 /* Tests_macOS.swift */,
				108994212605CFC0002045E5 /* Info.plist */,
			);
			path = "Tests macOS";
			sourceTree = "<group>";
		};
/* End PBXGroup section */

/* Begin PBXNativeTarget section */
		108993FF2605CFC0002045E5 /* INTCalculator (iOS) */ = {
			isa = PBXNativeTarget;
			buildConfigurationList = 1089942A2605CFC0002045E5 /* Build configuration list for PBXNativeTarget "INTCalculator (iOS)" */;
			buildPhases = (
				108993FC2605CFC0002045E5 /* Sources */,
				108993FD2605CFC0002045E5 /* Frameworks */,
				108993FE2605CFC0002045E5 /* Resources */,
			);
			buildRules = (
			);
			dependencies = (
			);
			name = "INTCalculator (iOS)";
			productName = "INTCalculator (iOS)";
			productReference = 108994002605CFC0002045E5 /* INTCalculator.app */;
			productType = "com.apple.product-type.application";
		};
		108994072605CFC0002045E5 /* INTCalculator (macOS) */ = {
			isa = PBXNativeTarget;
			buildConfigurationList = 1089942D2605CFC0002045E5 /* Build configuration list for PBXNativeTarget "INTCalculator (macOS)" */;
			buildPhases = (
				108994042605CFC0002045E5 /* Sources */,
				108994052605CFC0002045E5 /* Frameworks */,
				108994062605CFC0002045E5 /* Resources */,
			);
			buildRules = (
			);
			dependencies = (
			);
			name = "INTCalculator (macOS)";
			productName = "INTCalculator (macOS)";
			productReference = 108994082605CFC0002045E5 /* INTCalculator.app */;
			productType = "com.apple.product-type.application";
		};
		1089940F2605CFC0002045E5 /* Tests iOS */ = {
			isa = PBXNativeTarget;
			buildConfigurationList = 108994302605CFC0002045E5 /* Build configuration list for PBXNativeTarget "Tests iOS" */;
			buildPhases = (
				1089940C2605CFC0002045E5 /* Sources */,
				1089940D2605CFC0002045E5 /* Frameworks */,
				1089940E2605CFC0002045E5 /* Resources */,
			);
			buildRules = (
			);
			dependencies = (
				108994122605CFC0002045E5 /* PBXTargetDependency */,
			);
			name = "Tests iOS";
			productName = "Tests iOS";
			productReference = 108994102605CFC0002045E5 /* Tests iOS.xctest */;
			productType = "com.apple.product-type.bundle.ui-testing";
		};
		1089941A2605CFC0002045E5 /* Tests macOS */ = {
			isa = PBXNativeTarget;
			buildConfigurationList = 108994332605CFC0002045E5 /* Build configuration list for PBXNativeTarget "Tests macOS" */;
			buildPhases = (
				108994172605CFC0002045E5 /* Sources */,
				108994182605CFC0002045E5 /* Frameworks */,
				108994192605CFC0002045E5 /* Resources */,
			);
			buildRules = (
			);
			dependencies = (
				1089941D2605CFC0002045E5 /* PBXTargetDependency */,
			);
			name = "Tests macOS";
			productName = "Tests macOS";
			productReference = 1089941B2605CFC0002045E5 /* Tests macOS.xctest */;
			productType = "com.apple.product-type.bundle.ui-testing";
		};
/* End PBXNativeTarget section */

/* Begin PBXProject section */
		108993F42605CFBE002045E5 /* Project object */ = {
			isa = PBXProject;
			attributes = {
				LastSwiftUpdateCheck = 1240;
				LastUpgradeCheck = 1240;
				TargetAttributes = {
					108993FF2605CFC0002045E5 = {
						CreatedOnToolsVersion = 12.4;
					};
					108994072605CFC0002045E5 = {
						CreatedOnToolsVersion = 12.4;
					};
					1089940F2605CFC0002045E5 = {
						CreatedOnToolsVersion = 12.4;
						TestTargetID = 108993FF2605CFC0002045E5;
					};
					1089941A2605CFC0002045E5 = {
						CreatedOnToolsVersion = 12.4;
						TestTargetID = 108994072605CFC0002045E5;
					};
				};
			};
			buildConfigurationList = 108993F72605CFBE002045E5 /* Build configuration list for PBXProject "INTCalculator" */;
			compatibilityVersion = "Xcode 9.3";
			developmentRegion = en;
			hasScannedForEncodings = 0;
			knownRegions = (
				en,
				Base,
			);
			mainGroup = 108993F32605CFBE002045E5;
			productRefGroup = 108994012605CFC0002045E5 /* Products */;
			projectDirPath = "";
			projectRoot = "";
			targets = (
				108993FF2605CFC0002045E5 /* INTCalculator (iOS) */,
				108994072605CFC0002045E5 /* INTCalculator (macOS) */,
				1089940F2605CFC0002045E5 /* Tests iOS */,
				1089941A2605CFC0002045E5 /* Tests macOS */,
			);
		};
/* End PBXProject section */

/* Begin PBXResourcesBuildPhase section */
		108993FE2605CFC0002045E5 /* Resources */ = {
			isa = PBXResourcesBuildPhase;
			buildActionMask = 2147483647;
			files = (
				108994432605E7D8002045E5 /* memo in Resources */,
				108994262605CFC0002045E5 /* Assets.xcassets in Resources */,
			);
			runOnlyForDeploymentPostprocessing = 0;
		};
		108994062605CFC0002045E5 /* Resources */ = {
			isa = PBXResourcesBuildPhase;
			buildActionMask = 2147483647;
			files = (
				108994442605E7D8002045E5 /* memo in Resources */,
				108994272605CFC0002045E5 /* Assets.xcassets in Resources */,
			);
			runOnlyForDeploymentPostprocessing = 0;
		};
		1089940E2605CFC0002045E5 /* Resources */ = {
			isa = PBXResourcesBuildPhase;
			buildActionMask = 2147483647;
			files = (
			);
			runOnlyForDeploymentPostprocessing = 0;
		};
		108994192605CFC0002045E5 /* Resources */ = {
			isa = PBXResourcesBuildPhase;
			buildActionMask = 2147483647;
			files = (
			);
			runOnlyForDeploymentPostprocessing = 0;
		};
/* End PBXResourcesBuildPhase section */

/* Begin PBXSourcesBuildPhase section */
		108993FC2605CFC0002045E5 /* Sources */ = {
			isa = PBXSourcesBuildPhase;
			buildActionMask = 2147483647;
			files = (
				1089944D26064751002045E5 /* ContentView.swift in Sources */,
				108994222605CFC0002045E5 /* INTCalculatorApp.swift in Sources */,
			);
			runOnlyForDeploymentPostprocessing = 0;
		};
		108994042605CFC0002045E5 /* Sources */ = {
			isa = PBXSourcesBuildPhase;
			buildActionMask = 2147483647;
			files = (
				108994252605CFC0002045E5 /* ContentView.swift in Sources */,
				108994232605CFC0002045E5 /* INTCalculatorApp.swift in Sources */,
			);
			runOnlyForDeploymentPostprocessing = 0;
		};
		1089940C2605CFC0002045E5 /* Sources */ = {
			isa = PBXSourcesBuildPhase;
			buildActionMask = 2147483647;
			files = (
				108994152605CFC0002045E5 /* Tests_iOS.swift in Sources */,
			);
			runOnlyForDeploymentPostprocessing = 0;
		};
		108994172605CFC0002045E5 /* Sources */ = {
			isa = PBXSourcesBuildPhase;
			buildActionMask = 2147483647;
			files = (
				108994202605CFC0002045E5 /* Tests_macOS.swift in Sources */,
			);
			runOnlyForDeploymentPostprocessing = 0;
		};
/* End PBXSourcesBuildPhase section */

/* Begin PBXTargetDependency section */
		108994122605CFC0002045E5 /* PBXTargetDependency */ = {
			isa = PBXTargetDependency;
			target = 108993FF2605CFC0002045E5 /* INTCalculator (iOS) */;
			targetProxy = 108994112605CFC0002045E5 /* PBXContainerItemProxy */;
		};
		1089941D2605CFC0002045E5 /* PBXTargetDependency */ = {
			isa = PBXTargetDependency;
			target = 108994072605CFC0002045E5 /* INTCalculator (macOS) */;
			targetProxy = 1089941C2605CFC0002045E5 /* PBXContainerItemProxy */;
		};
/* End PBXTargetDependency section */

/* Begin XCBuildConfiguration section */
		108994282605CFC0002045E5 /* Debug */ = {
			isa = XCBuildConfiguration;
			buildSettings = {
				ALWAYS_SEARCH_USER_PATHS = NO;
				CLANG_ANALYZER_NONNULL = YES;
				CLANG_ANALYZER_NUMBER_OBJECT_CONVERSION = YES_AGGRESSIVE;
				CLANG_CXX_LANGUAGE_STANDARD = "gnu++14";
				CLANG_CXX_LIBRARY = "libc++";
				CLANG_ENABLE_MODULES = YES;
				CLANG_ENABLE_OBJC_ARC = YES;
				CLANG_ENABLE_OBJC_WEAK = YES;
				CLANG_WARN_BLOCK_CAPTURE_AUTORELEASING = YES;
				CLANG_WARN_BOOL_CONVERSION = YES;
				CLANG_WARN_COMMA = YES;
				CLANG_WARN_CONSTANT_CONVERSION = YES;
				CLANG_WARN_DEPRECATED_OBJC_IMPLEMENTATIONS = YES;
				CLANG_WARN_DIRECT_OBJC_ISA_USAGE = YES_ERROR;
				CLANG_WARN_DOCUMENTATION_COMMENTS = YES;
				CLANG_WARN_EMPTY_BODY = YES;
				CLANG_WARN_ENUM_CONVERSION = YES;
				CLANG_WARN_INFINITE_RECURSION = YES;
				CLANG_WARN_INT_CONVERSION = YES;
				CLANG_WARN_NON_LITERAL_NULL_CONVERSION = YES;
				CLANG_WARN_OBJC_IMPLICIT_RETAIN_SELF = YES;
				CLANG_WARN_OBJC_LITERAL_CONVERSION = YES;
				CLANG_WARN_OBJC_ROOT_CLASS = YES_ERROR;
				CLANG_WARN_QUOTED_INCLUDE_IN_FRAMEWORK_HEADER = YES;
				CLANG_WARN_RANGE_LOOP_ANALYSIS = YES;
				CLANG_WARN_STRICT_PROTOTYPES = YES;
				CLANG_WARN_SUSPICIOUS_MOVE = YES;
				CLANG_WARN_UNGUARDED_AVAILABILITY = YES_AGGRESSIVE;
				CLANG_WARN_UNREACHABLE_CODE = YES;
				CLANG_WARN__DUPLICATE_METHOD_MATCH = YES;
				COPY_PHASE_STRIP = NO;
				DEBUG_INFORMATION_FORMAT = dwarf;
				ENABLE_STRICT_OBJC_MSGSEND = YES;
				ENABLE_TESTABILITY = YES;
				GCC_C_LANGUAGE_STANDARD = gnu11;
				GCC_DYNAMIC_NO_PIC = NO;
				GCC_NO_COMMON_BLOCKS = YES;
				GCC_OPTIMIZATION_LEVEL = 0;
				GCC_PREPROCESSOR_DEFINITIONS = (
					"DEBUG=1",
					"$(inherited)",
				);
				GCC_WARN_64_TO_32_BIT_CONVERSION = YES;
				GCC_WARN_ABOUT_RETURN_TYPE = YES_ERROR;
				GCC_WARN_UNDECLARED_SELECTOR = YES;
				GCC_WARN_UNINITIALIZED_AUTOS = YES_AGGRESSIVE;
				GCC_WARN_UNUSED_FUNCTION = YES;
				GCC_WARN_UNUSED_VARIABLE = YES;
				MTL_ENABLE_DEBUG_INFO = INCLUDE_SOURCE;
				MTL_FAST_MATH = YES;
				ONLY_ACTIVE_ARCH = YES;
				SWIFT_ACTIVE_COMPILATION_CONDITIONS = DEBUG;
				SWIFT_OPTIMIZATION_LEVEL = "-Onone";
			};
			name = Debug;
		};
		108994292605CFC0002045E5 /* Release */ = {
			isa = XCBuildConfiguration;
			buildSettings = {
				ALWAYS_SEARCH_USER_PATHS = NO;
				CLANG_ANALYZER_NONNULL = YES;
				CLANG_ANALYZER_NUMBER_OBJECT_CONVERSION = YES_AGGRESSIVE;
				CLANG_CXX_LANGUAGE_STANDARD = "gnu++14";
				CLANG_CXX_LIBRARY = "libc++";
				CLANG_ENABLE_MODULES = YES;
				CLANG_ENABLE_OBJC_ARC = YES;
				CLANG_ENABLE_OBJC_WEAK = YES;
				CLANG_WARN_BLOCK_CAPTURE_AUTORELEASING = YES;
				CLANG_WARN_BOOL_CONVERSION = YES;
				CLANG_WARN_COMMA = YES;
				CLANG_WARN_CONSTANT_CONVERSION = YES;
				CLANG_WARN_DEPRECATED_OBJC_IMPLEMENTATIONS = YES;
				CLANG_WARN_DIRECT_OBJC_ISA_USAGE = YES_ERROR;
				CLANG_WARN_DOCUMENTATION_COMMENTS = YES;
				CLANG_WARN_EMPTY_BODY = YES;
				CLANG_WARN_ENUM_CONVERSION = YES;
				CLANG_WARN_INFINITE_RECURSION = YES;
				CLANG_WARN_INT_CONVERSION = YES;
				CLANG_WARN_NON_LITERAL_NULL_CONVERSION = YES;
				CLANG_WARN_OBJC_IMPLICIT_RETAIN_SELF = YES;
				CLANG_WARN_OBJC_LITERAL_CONVERSION = YES;
				CLANG_WARN_OBJC_ROOT_CLASS = YES_ERROR;
				CLANG_WARN_QUOTED_INCLUDE_IN_FRAMEWORK_HEADER = YES;
				CLANG_WARN_RANGE_LOOP_ANALYSIS = YES;
				CLANG_WARN_STRICT_PROTOTYPES = YES;
				CLANG_WARN_SUSPICIOUS_MOVE = YES;
				CLANG_WARN_UNGUARDED_AVAILABILITY = YES_AGGRESSIVE;
				CLANG_WARN_UNREACHABLE_CODE = YES;
				CLANG_WARN__DUPLICATE_METHOD_MATCH = YES;
				COPY_PHASE_STRIP = NO;
				DEBUG_INFORMATION_FORMAT = "dwarf-with-dsym";
				ENABLE_NS_ASSERTIONS = NO;
				ENABLE_STRICT_OBJC_MSGSEND = YES;
				GCC_C_LANGUAGE_STANDARD = gnu11;
				GCC_NO_COMMON_BLOCKS = YES;
				GCC_WARN_64_TO_32_BIT_CONVERSION = YES;
				GCC_WARN_ABOUT_RETURN_TYPE = YES_ERROR;
				GCC_WARN_UNDECLARED_SELECTOR = YES;
				GCC_WARN_UNINITIALIZED_AUTOS = YES_AGGRESSIVE;
				GCC_WARN_UNUSED_FUNCTION = YES;
				GCC_WARN_UNUSED_VARIABLE = YES;
				MTL_ENABLE_DEBUG_INFO = NO;
				MTL_FAST_MATH = YES;
				SWIFT_COMPILATION_MODE = wholemodule;
				SWIFT_OPTIMIZATION_LEVEL = "-O";
			};
			name = Release;
		};
		1089942B2605CFC0002045E5 /* Debug */ = {
			isa = XCBuildConfiguration;
			buildSettings = {
				ASSETCATALOG_COMPILER_APPICON_NAME = AppIcon;
				ASSETCATALOG_COMPILER_GLOBAL_ACCENT_COLOR_NAME = AccentColor;
				CODE_SIGN_STYLE = Automatic;
				DEVELOPMENT_TEAM = 6G8C3B9FY5;
				ENABLE_PREVIEWS = YES;
				INFOPLIST_FILE = iOS/Info.plist;
				IPHONEOS_DEPLOYMENT_TARGET = 14.0;
				LD_RUNPATH_SEARCH_PATHS = (
					"$(inherited)",
					"@executable_path/Frameworks",
				);
				PRODUCT_BUNDLE_IDENTIFIER = ap.INTCalculator;
				PRODUCT_NAME = INTCalculator;
				SDKROOT = iphoneos;
				SWIFT_VERSION = 5.0;
				TARGETED_DEVICE_FAMILY = "1,2";
			};
			name = Debug;
		};
		1089942C2605CFC0002045E5 /* Release */ = {
			isa = XCBuildConfiguration;
			buildSettings = {
				ASSETCATALOG_COMPILER_APPICON_NAME = AppIcon;
				ASSETCATALOG_COMPILER_GLOBAL_ACCENT_COLOR_NAME = AccentColor;
				CODE_SIGN_STYLE = Automatic;
				DEVELOPMENT_TEAM = 6G8C3B9FY5;
				ENABLE_PREVIEWS = YES;
				INFOPLIST_FILE = iOS/Info.plist;
				IPHONEOS_DEPLOYMENT_TARGET = 14.0;
				LD_RUNPATH_SEARCH_PATHS = (
					"$(inherited)",
					"@executable_path/Frameworks",
				);
				PRODUCT_BUNDLE_IDENTIFIER = ap.INTCalculator;
				PRODUCT_NAME = INTCalculator;
				SDKROOT = iphoneos;
				SWIFT_VERSION = 5.0;
				TARGETED_DEVICE_FAMILY = "1,2";
				VALIDATE_PRODUCT = YES;
			};
			name = Release;
		};
		1089942E2605CFC0002045E5 /* Debug */ = {
			isa = XCBuildConfiguration;
			buildSettings = {
				ASSETCATALOG_COMPILER_APPICON_NAME = AppIcon;
				ASSETCATALOG_COMPILER_GLOBAL_ACCENT_COLOR_NAME = AccentColor;
				CODE_SIGN_ENTITLEMENTS = macOS/macOS.entitlements;
				CODE_SIGN_STYLE = Automatic;
				COMBINE_HIDPI_IMAGES = YES;
				DEVELOPMENT_TEAM = 6G8C3B9FY5;
				ENABLE_HARDENED_RUNTIME = YES;
				ENABLE_PREVIEWS = YES;
				INFOPLIST_FILE = macOS/Info.plist;
				LD_RUNPATH_SEARCH_PATHS = (
					"$(inherited)",
					"@executable_path/../Frameworks",
				);
				MACOSX_DEPLOYMENT_TARGET = 11.0;
				PRODUCT_BUNDLE_IDENTIFIER = ap.INTCalculator;
				PRODUCT_NAME = INTCalculator;
				SDKROOT = macosx;
				SWIFT_VERSION = 5.0;
			};
			name = Debug;
		};
		1089942F2605CFC0002045E5 /* Release */ = {
			isa = XCBuildConfiguration;
			buildSettings = {
				ASSETCATALOG_COMPILER_APPICON_NAME = AppIcon;
				ASSETCATALOG_COMPILER_GLOBAL_ACCENT_COLOR_NAME = AccentColor;
				CODE_SIGN_ENTITLEMENTS = macOS/macOS.entitlements;
				CODE_SIGN_STYLE = Automatic;
				COMBINE_HIDPI_IMAGES = YES;
				DEVELOPMENT_TEAM = 6G8C3B9FY5;
				ENABLE_HARDENED_RUNTIME = YES;
				ENABLE_PREVIEWS = YES;
				INFOPLIST_FILE = macOS/Info.plist;
				LD_RUNPATH_SEARCH_PATHS = (
					"$(inherited)",
					"@executable_path/../Frameworks",
				);
				MACOSX_DEPLOYMENT_TARGET = 11.0;
				PRODUCT_BUNDLE_IDENTIFIER = ap.INTCalculator;
				PRODUCT_NAME = INTCalculator;
				SDKROOT = macosx;
				SWIFT_VERSION = 5.0;
			};
			name = Release;
		};
		108994312605CFC0002045E5 /* Debug */ = {
			isa = XCBuildConfiguration;
			buildSettings = {
				ALWAYS_EMBED_SWIFT_STANDARD_LIBRARIES = YES;
				CODE_SIGN_STYLE = Automatic;
				DEVELOPMENT_TEAM = 6G8C3B9FY5;
				INFOPLIST_FILE = "Tests iOS/Info.plist";
				IPHONEOS_DEPLOYMENT_TARGET = 14.4;
				LD_RUNPATH_SEARCH_PATHS = (
					"$(inherited)",
					"@executable_path/Frameworks",
					"@loader_path/Frameworks",
				);
				PRODUCT_BUNDLE_IDENTIFIER = "ap.Tests-iOS";
				PRODUCT_NAME = "$(TARGET_NAME)";
				SDKROOT = iphoneos;
				SWIFT_VERSION = 5.0;
				TARGETED_DEVICE_FAMILY = "1,2";
				TEST_TARGET_NAME = "INTCalculator (iOS)";
			};
			name = Debug;
		};
		108994322605CFC0002045E5 /* Release */ = {
			isa = XCBuildConfiguration;
			buildSettings = {
				ALWAYS_EMBED_SWIFT_STANDARD_LIBRARIES = YES;
				CODE_SIGN_STYLE = Automatic;
				DEVELOPMENT_TEAM = 6G8C3B9FY5;
				INFOPLIST_FILE = "Tests iOS/Info.plist";
				IPHONEOS_DEPLOYMENT_TARGET = 14.4;
				LD_RUNPATH_SEARCH_PATHS = (
					"$(inherited)",
					"@executable_path/Frameworks",
					"@loader_path/Frameworks",
				);
				PRODUCT_BUNDLE_IDENTIFIER = "ap.Tests-iOS";
				PRODUCT_NAME = "$(TARGET_NAME)";
				SDKROOT = iphoneos;
				SWIFT_VERSION = 5.0;
				TARGETED_DEVICE_FAMILY = "1,2";
				TEST_TARGET_NAME = "INTCalculator (iOS)";
				VALIDATE_PRODUCT = YES;
			};
			name = Release;
		};
		108994342605CFC0002045E5 /* Debug */ = {
			isa = XCBuildConfiguration;
			buildSettings = {
				ALWAYS_EMBED_SWIFT_STANDARD_LIBRARIES = YES;
				CODE_SIGN_STYLE = Automatic;
				COMBINE_HIDPI_IMAGES = YES;
				DEVELOPMENT_TEAM = 6G8C3B9FY5;
				INFOPLIST_FILE = "Tests macOS/Info.plist";
				LD_RUNPATH_SEARCH_PATHS = (
					"$(inherited)",
					"@executable_path/../Frameworks",
					"@loader_path/../Frameworks",
				);
				MACOSX_DEPLOYMENT_TARGET = 11.1;
				PRODUCT_BUNDLE_IDENTIFIER = "ap.Tests-macOS";
				PRODUCT_NAME = "$(TARGET_NAME)";
				SDKROOT = macosx;
				SWIFT_VERSION = 5.0;
				TEST_TARGET_NAME = "INTCalculator (macOS)";
			};
			name = Debug;
		};
		108994352605CFC0002045E5 /* Release */ = {
			isa = XCBuildConfiguration;
			buildSettings = {
				ALWAYS_EMBED_SWIFT_STANDARD_LIBRARIES = YES;
				CODE_SIGN_STYLE = Automatic;
				COMBINE_HIDPI_IMAGES = YES;
				DEVELOPMENT_TEAM = 6G8C3B9FY5;
				INFOPLIST_FILE = "Tests macOS/Info.plist";
				LD_RUNPATH_SEARCH_PATHS = (
					"$(inherited)",
					"@executable_path/../Frameworks",
					"@loader_path/../Frameworks",
				);
				MACOSX_DEPLOYMENT_TARGET = 11.1;
				PRODUCT_BUNDLE_IDENTIFIER = "ap.Tests-macOS";
				PRODUCT_NAME = "$(TARGET_NAME)";
				SDKROOT = macosx;
				SWIFT_VERSION = 5.0;
				TEST_TARGET_NAME = "INTCalculator (macOS)";
			};
			name = Release;
		};
/* End XCBuildConfiguration section */

/* Begin XCConfigurationList section */
		108993F72605CFBE002045E5 /* Build configuration list for PBXProject "INTCalculator" */ = {
			isa = XCConfigurationList;
			buildConfigurations = (
				108994282605CFC0002045E5 /* Debug */,
				108994292605CFC0002045E5 /* Release */,
			);
			defaultConfigurationIsVisible = 0;
			defaultConfigurationName = Release;
		};
		1089942A2605CFC0002045E5 /* Build configuration list for PBXNativeTarget "INTCalculator (iOS)" */ = {
			isa = XCConfigurationList;
			buildConfigurations = (
				1089942B2605CFC0002045E5 /* Debug */,
				1089942C2605CFC0002045E5 /* Release */,
			);
			defaultConfigurationIsVisible = 0;
			defaultConfigurationName = Release;
		};
		1089942D2605CFC0002045E5 /* Build configuration list for PBXNativeTarget "INTCalculator (macOS)" */ = {
			isa = XCConfigurationList;
			buildConfigurations = (
				1089942E2605CFC0002045E5 /* Debug */,
				1089942F2605CFC0002045E5 /* Release */,
			);
			defaultConfigurationIsVisible = 0;
			defaultConfigurationName = Release;
		};
		108994302605CFC0002045E5 /* Build configuration list for PBXNativeTarget "Tests iOS" */ = {
			isa = XCConfigurationList;
			buildConfigurations = (
				108994312605CFC0002045E5 /* Debug */,
				108994322605CFC0002045E5 /* Release */,
			);
			defaultConfigurationIsVisible = 0;
			defaultConfigurationName = Release;
		};
		108994332605CFC0002045E5 /* Build configuration list for PBXNativeTarget "Tests macOS" */ = {
			isa = XCConfigurationList;
			buildConfigurations = (
				108994342605CFC0002045E5 /* Debug */,
				108994352605CFC0002045E5 /* Release */,
			);
			defaultConfigurationIsVisible = 0;
			defaultConfigurationName = Release;
		};
/* End XCConfigurationList section */
	};
	rootObject = 108993F42605CFBE002045E5 /* Project object */;
}
